// !$*UTF8*$!
{
	archiveVersion = 1;
	classes = {
	};
	objectVersion = 46;
	objects = {

/* Begin PBXBuildFile section */
		17128BC186F73F9E87647A08 /* Pods_Parduota.framework in Frameworks */ = {isa = PBXBuildFile; fileRef = 86D72E80A0BE45D07EC7941E /* Pods_Parduota.framework */; };
		CC08C34E1F6AD802000F37E9 /* AppDelegate.swift in Sources */ = {isa = PBXBuildFile; fileRef = CC08C34C1F6AD802000F37E9 /* AppDelegate.swift */; };
		CC08C34F1F6AD802000F37E9 /* Info.plist in Resources */ = {isa = PBXBuildFile; fileRef = CC08C34D1F6AD802000F37E9 /* Info.plist */; };
		CC08C35C1F6AD8B3000F37E9 /* LaunchScreen.storyboard in Resources */ = {isa = PBXBuildFile; fileRef = CC08C3581F6AD8B3000F37E9 /* LaunchScreen.storyboard */; };
		CC08C35D1F6AD8B3000F37E9 /* Main.storyboard in Resources */ = {isa = PBXBuildFile; fileRef = CC08C35A1F6AD8B3000F37E9 /* Main.storyboard */; };
		CC08C3611F6AD911000F37E9 /* Assets.xcassets in Resources */ = {isa = PBXBuildFile; fileRef = CC08C3601F6AD911000F37E9 /* Assets.xcassets */; };
		CC08C3641F6ADDBA000F37E9 /* PABaseViewController.swift in Sources */ = {isa = PBXBuildFile; fileRef = CC08C3631F6ADDBA000F37E9 /* PABaseViewController.swift */; };
		CC08C3661F6ADE29000F37E9 /* PABaseTableViewController.swift in Sources */ = {isa = PBXBuildFile; fileRef = CC08C3651F6ADE29000F37E9 /* PABaseTableViewController.swift */; };
		CCD1CC8E1F6BDCBF00323D49 /* PABaseDataModel.swift in Sources */ = {isa = PBXBuildFile; fileRef = CCD1CC8D1F6BDCBF00323D49 /* PABaseDataModel.swift */; };
		CCD1CC901F6BDD5100323D49 /* PAUserModel.swift in Sources */ = {isa = PBXBuildFile; fileRef = CCD1CC8F1F6BDD5100323D49 /* PAUserModel.swift */; };
		CCD1CC951F6C17E700323D49 /* PAConstant.swift in Sources */ = {isa = PBXBuildFile; fileRef = CCD1CC941F6C17E700323D49 /* PAConstant.swift */; };
		CCD1CC981F6C24F500323D49 /* R.generated.swift in Sources */ = {isa = PBXBuildFile; fileRef = CCD1CC971F6C24F500323D49 /* R.generated.swift */; };
		CCD1CC9B1F6C25B200323D49 /* PALoginViewController.swift in Sources */ = {isa = PBXBuildFile; fileRef = CCD1CC9A1F6C25B200323D49 /* PALoginViewController.swift */; };
/* End PBXBuildFile section */

/* Begin PBXFileReference section */
		86D72E80A0BE45D07EC7941E /* Pods_Parduota.framework */ = {isa = PBXFileReference; explicitFileType = wrapper.framework; includeInIndex = 0; path = Pods_Parduota.framework; sourceTree = BUILT_PRODUCTS_DIR; };
		92366B6ABCF8E1A080DE53F5 /* Pods-Parduota.debug.xcconfig */ = {isa = PBXFileReference; includeInIndex = 1; lastKnownFileType = text.xcconfig; name = "Pods-Parduota.debug.xcconfig"; path = "Pods/Target Support Files/Pods-Parduota/Pods-Parduota.debug.xcconfig"; sourceTree = "<group>"; };
		AC76AED09D306A448506CDCD /* Pods-Parduota.release.xcconfig */ = {isa = PBXFileReference; includeInIndex = 1; lastKnownFileType = text.xcconfig; name = "Pods-Parduota.release.xcconfig"; path = "Pods/Target Support Files/Pods-Parduota/Pods-Parduota.release.xcconfig"; sourceTree = "<group>"; };
		CC08C3311F6ACF86000F37E9 /* Parduota.app */ = {isa = PBXFileReference; explicitFileType = wrapper.application; includeInIndex = 0; path = Parduota.app; sourceTree = BUILT_PRODUCTS_DIR; };
		CC08C34C1F6AD802000F37E9 /* AppDelegate.swift */ = {isa = PBXFileReference; fileEncoding = 4; lastKnownFileType = sourcecode.swift; path = AppDelegate.swift; sourceTree = "<group>"; };
		CC08C34D1F6AD802000F37E9 /* Info.plist */ = {isa = PBXFileReference; fileEncoding = 4; lastKnownFileType = text.plist.xml; path = Info.plist; sourceTree = "<group>"; };
		CC08C3591F6AD8B3000F37E9 /* Base */ = {isa = PBXFileReference; lastKnownFileType = file.storyboard; name = Base; path = Base.lproj/LaunchScreen.storyboard; sourceTree = "<group>"; };
		CC08C35B1F6AD8B3000F37E9 /* Base */ = {isa = PBXFileReference; lastKnownFileType = file.storyboard; name = Base; path = Base.lproj/Main.storyboard; sourceTree = "<group>"; };
		CC08C3601F6AD911000F37E9 /* Assets.xcassets */ = {isa = PBXFileReference; lastKnownFileType = folder.assetcatalog; path = Assets.xcassets; sourceTree = "<group>"; };
		CC08C3631F6ADDBA000F37E9 /* PABaseViewController.swift */ = {isa = PBXFileReference; fileEncoding = 4; lastKnownFileType = sourcecode.swift; path = PABaseViewController.swift; sourceTree = "<group>"; };
		CC08C3651F6ADE29000F37E9 /* PABaseTableViewController.swift */ = {isa = PBXFileReference; fileEncoding = 4; lastKnownFileType = sourcecode.swift; path = PABaseTableViewController.swift; sourceTree = "<group>"; };
		CCD1CC8D1F6BDCBF00323D49 /* PABaseDataModel.swift */ = {isa = PBXFileReference; fileEncoding = 4; lastKnownFileType = sourcecode.swift; path = PABaseDataModel.swift; sourceTree = "<group>"; };
		CCD1CC8F1F6BDD5100323D49 /* PAUserModel.swift */ = {isa = PBXFileReference; fileEncoding = 4; lastKnownFileType = sourcecode.swift; path = PAUserModel.swift; sourceTree = "<group>"; };
		CCD1CC941F6C17E700323D49 /* PAConstant.swift */ = {isa = PBXFileReference; fileEncoding = 4; lastKnownFileType = sourcecode.swift; path = PAConstant.swift; sourceTree = "<group>"; };
		CCD1CC971F6C24F500323D49 /* R.generated.swift */ = {isa = PBXFileReference; fileEncoding = 4; lastKnownFileType = sourcecode.swift; path = R.generated.swift; sourceTree = "<group>"; };
		CCD1CC9A1F6C25B200323D49 /* PALoginViewController.swift */ = {isa = PBXFileReference; fileEncoding = 4; lastKnownFileType = sourcecode.swift; path = PALoginViewController.swift; sourceTree = "<group>"; };
/* End PBXFileReference section */

/* Begin PBXFrameworksBuildPhase section */
		CC08C32E1F6ACF86000F37E9 /* Frameworks */ = {
			isa = PBXFrameworksBuildPhase;
			buildActionMask = 2147483647;
			files = (
				17128BC186F73F9E87647A08 /* Pods_Parduota.framework in Frameworks */,
			);
			runOnlyForDeploymentPostprocessing = 0;
		};
/* End PBXFrameworksBuildPhase section */

/* Begin PBXGroup section */
		5DD3D4E2E7D06C8836E626DE /* Pods */ = {
			isa = PBXGroup;
			children = (
				92366B6ABCF8E1A080DE53F5 /* Pods-Parduota.debug.xcconfig */,
				AC76AED09D306A448506CDCD /* Pods-Parduota.release.xcconfig */,
			);
			name = Pods;
			sourceTree = "<group>";
		};
		96A8E86F5025A259A2788D81 /* Frameworks */ = {
			isa = PBXGroup;
			children = (
				86D72E80A0BE45D07EC7941E /* Pods_Parduota.framework */,
			);
			name = Frameworks;
			sourceTree = "<group>";
		};
		CC08C3281F6ACF86000F37E9 = {
			isa = PBXGroup;
			children = (
				CC08C3331F6ACF86000F37E9 /* Parduota */,
				CC08C3321F6ACF86000F37E9 /* Products */,
				5DD3D4E2E7D06C8836E626DE /* Pods */,
				96A8E86F5025A259A2788D81 /* Frameworks */,
			);
			sourceTree = "<group>";
		};
		CC08C3321F6ACF86000F37E9 /* Products */ = {
			isa = PBXGroup;
			children = (
				CC08C3311F6ACF86000F37E9 /* Parduota.app */,
			);
			name = Products;
			sourceTree = "<group>";
		};
		CC08C3331F6ACF86000F37E9 /* Parduota */ = {
			isa = PBXGroup;
			children = (
				CC08C3461F6AD7D3000F37E9 /* Application */,
				CC08C3471F6AD7D3000F37E9 /* Controllers */,
				CC08C3481F6AD7D3000F37E9 /* Models */,
				CC08C3491F6AD7D3000F37E9 /* Resources */,
				CC08C34A1F6AD7D3000F37E9 /* Utilities */,
				CC08C34B1F6AD7D3000F37E9 /* View */,
			);
			path = Parduota;
			sourceTree = "<group>";
		};
		CC08C3461F6AD7D3000F37E9 /* Application */ = {
			isa = PBXGroup;
			children = (
				CC08C34C1F6AD802000F37E9 /* AppDelegate.swift */,
				CC08C34D1F6AD802000F37E9 /* Info.plist */,
			);
			path = Application;
			sourceTree = "<group>";
		};
		CC08C3471F6AD7D3000F37E9 /* Controllers */ = {
			isa = PBXGroup;
			children = (
				CC08C3621F6ADDA2000F37E9 /* Base */,
				CCD1CC991F6C259400323D49 /* Login */,
			);
			path = Controllers;
			sourceTree = "<group>";
		};
		CC08C3481F6AD7D3000F37E9 /* Models */ = {
			isa = PBXGroup;
			children = (
				CCD1CC8D1F6BDCBF00323D49 /* PABaseDataModel.swift */,
				CCD1CC8F1F6BDD5100323D49 /* PAUserModel.swift */,
			);
			path = Models;
			sourceTree = "<group>";
		};
		CC08C3491F6AD7D3000F37E9 /* Resources */ = {
			isa = PBXGroup;
			children = (
				CCD1CC911F6C177100323D49 /* Core */,
			);
			path = Resources;
			sourceTree = "<group>";
		};
		CC08C34A1F6AD7D3000F37E9 /* Utilities */ = {
			isa = PBXGroup;
			children = (
			);
			path = Utilities;
			sourceTree = "<group>";
		};
		CC08C34B1F6AD7D3000F37E9 /* View */ = {
			isa = PBXGroup;
			children = (
				CC08C35F1F6AD911000F37E9 /* Images */,
				CC08C3501F6AD832000F37E9 /* UI */,
			);
			path = View;
			sourceTree = "<group>";
		};
		CC08C3501F6AD832000F37E9 /* UI */ = {
			isa = PBXGroup;
			children = (
				CC08C3581F6AD8B3000F37E9 /* LaunchScreen.storyboard */,
				CC08C35A1F6AD8B3000F37E9 /* Main.storyboard */,
			);
			path = UI;
			sourceTree = "<group>";
		};
		CC08C35F1F6AD911000F37E9 /* Images */ = {
			isa = PBXGroup;
			children = (
				CC08C3601F6AD911000F37E9 /* Assets.xcassets */,
			);
			path = Images;
			sourceTree = "<group>";
		};
		CC08C3621F6ADDA2000F37E9 /* Base */ = {
			isa = PBXGroup;
			children = (
				CC08C3631F6ADDBA000F37E9 /* PABaseViewController.swift */,
				CC08C3651F6ADE29000F37E9 /* PABaseTableViewController.swift */,
			);
			path = Base;
			sourceTree = "<group>";
		};
		CCD1CC911F6C177100323D49 /* Core */ = {
			isa = PBXGroup;
			children = (
				CCD1CC971F6C24F500323D49 /* R.generated.swift */,
				CCD1CC941F6C17E700323D49 /* PAConstant.swift */,
			);
			path = Core;
			sourceTree = "<group>";
		};
		CCD1CC991F6C259400323D49 /* Login */ = {
			isa = PBXGroup;
			children = (
				CCD1CC9A1F6C25B200323D49 /* PALoginViewController.swift */,
			);
			path = Login;
			sourceTree = "<group>";
		};
/* End PBXGroup section */

/* Begin PBXNativeTarget section */
		CC08C3301F6ACF86000F37E9 /* Parduota */ = {
			isa = PBXNativeTarget;
			buildConfigurationList = CC08C3431F6ACF86000F37E9 /* Build configuration list for PBXNativeTarget "Parduota" */;
			buildPhases = (
				54738EEAD4C1B8B2B0931896 /* [CP] Check Pods Manifest.lock */,
				CCD1CC961F6C23C500323D49 /* Run Script */,
				CC08C32D1F6ACF86000F37E9 /* Sources */,
				CC08C32E1F6ACF86000F37E9 /* Frameworks */,
				CC08C32F1F6ACF86000F37E9 /* Resources */,
				FEC49EC6644F32BA0EA59B9B /* [CP] Embed Pods Frameworks */,
				B2BBDDBF1EF6AF9FEED86370 /* [CP] Copy Pods Resources */,
			);
			buildRules = (
			);
			dependencies = (
			);
			name = Parduota;
			productName = Parduota;
			productReference = CC08C3311F6ACF86000F37E9 /* Parduota.app */;
			productType = "com.apple.product-type.application";
		};
/* End PBXNativeTarget section */

/* Begin PBXProject section */
		CC08C3291F6ACF86000F37E9 /* Project object */ = {
			isa = PBXProject;
			attributes = {
				CLASSPREFIX = PA;
				LastSwiftUpdateCheck = 0830;
				LastUpgradeCheck = 0830;
				ORGANIZATIONNAME = None;
				TargetAttributes = {
					CC08C3301F6ACF86000F37E9 = {
						CreatedOnToolsVersion = 8.3.2;
						ProvisioningStyle = Automatic;
					};
				};
			};
			buildConfigurationList = CC08C32C1F6ACF86000F37E9 /* Build configuration list for PBXProject "Parduota" */;
			compatibilityVersion = "Xcode 3.2";
			developmentRegion = English;
			hasScannedForEncodings = 0;
			knownRegions = (
				en,
				Base,
			);
			mainGroup = CC08C3281F6ACF86000F37E9;
			productRefGroup = CC08C3321F6ACF86000F37E9 /* Products */;
			projectDirPath = "";
			projectRoot = "";
			targets = (
				CC08C3301F6ACF86000F37E9 /* Parduota */,
			);
		};
/* End PBXProject section */

/* Begin PBXResourcesBuildPhase section */
		CC08C32F1F6ACF86000F37E9 /* Resources */ = {
			isa = PBXResourcesBuildPhase;
			buildActionMask = 2147483647;
			files = (
				CC08C35C1F6AD8B3000F37E9 /* LaunchScreen.storyboard in Resources */,
				CC08C34F1F6AD802000F37E9 /* Info.plist in Resources */,
				CC08C3611F6AD911000F37E9 /* Assets.xcassets in Resources */,
				CC08C35D1F6AD8B3000F37E9 /* Main.storyboard in Resources */,
			);
			runOnlyForDeploymentPostprocessing = 0;
		};
/* End PBXResourcesBuildPhase section */

/* Begin PBXShellScriptBuildPhase section */
		54738EEAD4C1B8B2B0931896 /* [CP] Check Pods Manifest.lock */ = {
			isa = PBXShellScriptBuildPhase;
			buildActionMask = 2147483647;
			files = (
			);
			inputPaths = (
				"${PODS_PODFILE_DIR_PATH}/Podfile.lock",
				"${PODS_ROOT}/Manifest.lock",
			);
			name = "[CP] Check Pods Manifest.lock";
			outputPaths = (
				"$(DERIVED_FILE_DIR)/Pods-Parduota-checkManifestLockResult.txt",
			);
			runOnlyForDeploymentPostprocessing = 0;
			shellPath = /bin/sh;
			shellScript = "diff \"${PODS_PODFILE_DIR_PATH}/Podfile.lock\" \"${PODS_ROOT}/Manifest.lock\" > /dev/null\nif [ $? != 0 ] ; then\n    # print error to STDERR\n    echo \"error: The sandbox is not in sync with the Podfile.lock. Run 'pod install' or update your CocoaPods installation.\" >&2\n    exit 1\nfi\n# This output is used by Xcode 'outputs' to avoid re-running this script phase.\necho \"SUCCESS\" > \"${SCRIPT_OUTPUT_FILE_0}\"\n";
			showEnvVarsInLog = 0;
		};
		B2BBDDBF1EF6AF9FEED86370 /* [CP] Copy Pods Resources */ = {
			isa = PBXShellScriptBuildPhase;
			buildActionMask = 2147483647;
			files = (
			);
			inputPaths = (
			);
			name = "[CP] Copy Pods Resources";
			outputPaths = (
			);
			runOnlyForDeploymentPostprocessing = 0;
			shellPath = /bin/sh;
			shellScript = "\"${SRCROOT}/Pods/Target Support Files/Pods-Parduota/Pods-Parduota-resources.sh\"\n";
			showEnvVarsInLog = 0;
		};
		CCD1CC961F6C23C500323D49 /* Run Script */ = {
			isa = PBXShellScriptBuildPhase;
			buildActionMask = 2147483647;
			files = (
			);
			inputPaths = (
			);
			name = "Run Script";
			outputPaths = (
			);
			runOnlyForDeploymentPostprocessing = 0;
			shellPath = /bin/sh;
			shellScript = "\"$PODS_ROOT/R.swift/rswift\" \"$SRCROOT/Parduota/Resources/Core\"";
		};
		FEC49EC6644F32BA0EA59B9B /* [CP] Embed Pods Frameworks */ = {
			isa = PBXShellScriptBuildPhase;
			buildActionMask = 2147483647;
			files = (
			);
			inputPaths = (
				"${SRCROOT}/Pods/Target Support Files/Pods-Parduota/Pods-Parduota-frameworks.sh",
				"${BUILT_PRODUCTS_DIR}/Alamofire/Alamofire.framework",
				"${BUILT_PRODUCTS_DIR}/ObjectMapper/ObjectMapper.framework",
				"${BUILT_PRODUCTS_DIR}/R.swift.Library/Rswift.framework",
				"${BUILT_PRODUCTS_DIR}/SVProgressHUD/SVProgressHUD.framework",
				"${BUILT_PRODUCTS_DIR}/SwiftHEXColors/SwiftHEXColors.framework",
				"${BUILT_PRODUCTS_DIR}/SwiftyJSON/SwiftyJSON.framework",
			);
			name = "[CP] Embed Pods Frameworks";
			outputPaths = (
				"${TARGET_BUILD_DIR}/${FRAMEWORKS_FOLDER_PATH}/Alamofire.framework",
				"${TARGET_BUILD_DIR}/${FRAMEWORKS_FOLDER_PATH}/ObjectMapper.framework",
				"${TARGET_BUILD_DIR}/${FRAMEWORKS_FOLDER_PATH}/Rswift.framework",
				"${TARGET_BUILD_DIR}/${FRAMEWORKS_FOLDER_PATH}/SVProgressHUD.framework",
				"${TARGET_BUILD_DIR}/${FRAMEWORKS_FOLDER_PATH}/SwiftHEXColors.framework",
				"${TARGET_BUILD_DIR}/${FRAMEWORKS_FOLDER_PATH}/SwiftyJSON.framework",
			);
			runOnlyForDeploymentPostprocessing = 0;
			shellPath = /bin/sh;
			shellScript = "\"${SRCROOT}/Pods/Target Support Files/Pods-Parduota/Pods-Parduota-frameworks.sh\"\n";
			showEnvVarsInLog = 0;
		};
/* End PBXShellScriptBuildPhase section */

/* Begin PBXSourcesBuildPhase section */
		CC08C32D1F6ACF86000F37E9 /* Sources */ = {
			isa = PBXSourcesBuildPhase;
			buildActionMask = 2147483647;
			files = (
				CCD1CC901F6BDD5100323D49 /* PAUserModel.swift in Sources */,
				CCD1CC981F6C24F500323D49 /* R.generated.swift in Sources */,
				CC08C3641F6ADDBA000F37E9 /* PABaseViewController.swift in Sources */,
				CC08C34E1F6AD802000F37E9 /* AppDelegate.swift in Sources */,
				CC08C3661F6ADE29000F37E9 /* PABaseTableViewController.swift in Sources */,
				CCD1CC951F6C17E700323D49 /* PAConstant.swift in Sources */,
				CCD1CC8E1F6BDCBF00323D49 /* PABaseDataModel.swift in Sources */,
				CCD1CC9B1F6C25B200323D49 /* PALoginViewController.swift in Sources */,
			);
			runOnlyForDeploymentPostprocessing = 0;
		};
/* End PBXSourcesBuildPhase section */

/* Begin PBXVariantGroup section */
		CC08C3581F6AD8B3000F37E9 /* LaunchScreen.storyboard */ = {
			isa = PBXVariantGroup;
			children = (
				CC08C3591F6AD8B3000F37E9 /* Base */,
			);
			name = LaunchScreen.storyboard;
			sourceTree = "<group>";
		};
		CC08C35A1F6AD8B3000F37E9 /* Main.storyboard */ = {
			isa = PBXVariantGroup;
			children = (
				CC08C35B1F6AD8B3000F37E9 /* Base */,
			);
			name = Main.storyboard;
			sourceTree = "<group>";
		};
/* End PBXVariantGroup section */

/* Begin XCBuildConfiguration section */
		CC08C3411F6ACF86000F37E9 /* Debug */ = {
			isa = XCBuildConfiguration;
			buildSettings = {
				ALWAYS_SEARCH_USER_PATHS = NO;
				CLANG_ANALYZER_NONNULL = YES;
				CLANG_ANALYZER_NUMBER_OBJECT_CONVERSION = YES_AGGRESSIVE;
				CLANG_CXX_LANGUAGE_STANDARD = "gnu++0x";
				CLANG_CXX_LIBRARY = "libc++";
				CLANG_ENABLE_MODULES = YES;
				CLANG_ENABLE_OBJC_ARC = YES;
				CLANG_WARN_BOOL_CONVERSION = YES;
				CLANG_WARN_CONSTANT_CONVERSION = YES;
				CLANG_WARN_DIRECT_OBJC_ISA_USAGE = YES_ERROR;
				CLANG_WARN_DOCUMENTATION_COMMENTS = YES;
				CLANG_WARN_EMPTY_BODY = YES;
				CLANG_WARN_ENUM_CONVERSION = YES;
				CLANG_WARN_INFINITE_RECURSION = YES;
				CLANG_WARN_INT_CONVERSION = YES;
				CLANG_WARN_OBJC_ROOT_CLASS = YES_ERROR;
				CLANG_WARN_SUSPICIOUS_MOVE = YES;
				CLANG_WARN_UNREACHABLE_CODE = YES;
				CLANG_WARN__DUPLICATE_METHOD_MATCH = YES;
				"CODE_SIGN_IDENTITY[sdk=iphoneos*]" = "iPhone Developer";
				COPY_PHASE_STRIP = NO;
				DEBUG_INFORMATION_FORMAT = dwarf;
				ENABLE_STRICT_OBJC_MSGSEND = YES;
				ENABLE_TESTABILITY = YES;
				GCC_C_LANGUAGE_STANDARD = gnu99;
				GCC_DYNAMIC_NO_PIC = NO;
				GCC_NO_COMMON_BLOCKS = YES;
				GCC_OPTIMIZATION_LEVEL = 0;
				GCC_PREPROCESSOR_DEFINITIONS = (
					"DEBUG=1",
					"$(inherited)",
				);
				GCC_WARN_64_TO_32_BIT_CONVERSION = YES;
				GCC_WARN_ABOUT_RETURN_TYPE = YES_ERROR;
				GCC_WARN_UNDECLARED_SELECTOR = YES;
				GCC_WARN_UNINITIALIZED_AUTOS = YES_AGGRESSIVE;
				GCC_WARN_UNUSED_FUNCTION = YES;
				GCC_WARN_UNUSED_VARIABLE = YES;
				IPHONEOS_DEPLOYMENT_TARGET = 10.3;
				MTL_ENABLE_DEBUG_INFO = YES;
				ONLY_ACTIVE_ARCH = YES;
				SDKROOT = iphoneos;
				SWIFT_ACTIVE_COMPILATION_CONDITIONS = DEBUG;
				SWIFT_OPTIMIZATION_LEVEL = "-Onone";
				TARGETED_DEVICE_FAMILY = "1,2";
			};
			name = Debug;
		};
		CC08C3421F6ACF86000F37E9 /* Release */ = {
			isa = XCBuildConfiguration;
			buildSettings = {
				ALWAYS_SEARCH_USER_PATHS = NO;
				CLANG_ANALYZER_NONNULL = YES;
				CLANG_ANALYZER_NUMBER_OBJECT_CONVERSION = YES_AGGRESSIVE;
				CLANG_CXX_LANGUAGE_STANDARD = "gnu++0x";
				CLANG_CXX_LIBRARY = "libc++";
				CLANG_ENABLE_MODULES = YES;
				CLANG_ENABLE_OBJC_ARC = YES;
				CLANG_WARN_BOOL_CONVERSION = YES;
				CLANG_WARN_CONSTANT_CONVERSION = YES;
				CLANG_WARN_DIRECT_OBJC_ISA_USAGE = YES_ERROR;
				CLANG_WARN_DOCUMENTATION_COMMENTS = YES;
				CLANG_WARN_EMPTY_BODY = YES;
				CLANG_WARN_ENUM_CONVERSION = YES;
				CLANG_WARN_INFINITE_RECURSION = YES;
				CLANG_WARN_INT_CONVERSION = YES;
				CLANG_WARN_OBJC_ROOT_CLASS = YES_ERROR;
				CLANG_WARN_SUSPICIOUS_MOVE = YES;
				CLANG_WARN_UNREACHABLE_CODE = YES;
				CLANG_WARN__DUPLICATE_METHOD_MATCH = YES;
				"CODE_SIGN_IDENTITY[sdk=iphoneos*]" = "iPhone Developer";
				COPY_PHASE_STRIP = NO;
				DEBUG_INFORMATION_FORMAT = "dwarf-with-dsym";
				ENABLE_NS_ASSERTIONS = NO;
				ENABLE_STRICT_OBJC_MSGSEND = YES;
				GCC_C_LANGUAGE_STANDARD = gnu99;
				GCC_NO_COMMON_BLOCKS = YES;
				GCC_WARN_64_TO_32_BIT_CONVERSION = YES;
				GCC_WARN_ABOUT_RETURN_TYPE = YES_ERROR;
				GCC_WARN_UNDECLARED_SELECTOR = YES;
				GCC_WARN_UNINITIALIZED_AUTOS = YES_AGGRESSIVE;
				GCC_WARN_UNUSED_FUNCTION = YES;
				GCC_WARN_UNUSED_VARIABLE = YES;
				IPHONEOS_DEPLOYMENT_TARGET = 10.3;
				MTL_ENABLE_DEBUG_INFO = NO;
				SDKROOT = iphoneos;
				SWIFT_OPTIMIZATION_LEVEL = "-Owholemodule";
				TARGETED_DEVICE_FAMILY = "1,2";
				VALIDATE_PRODUCT = YES;
			};
			name = Release;
		};
		CC08C3441F6ACF86000F37E9 /* Debug */ = {
			isa = XCBuildConfiguration;
			baseConfigurationReference = 92366B6ABCF8E1A080DE53F5 /* Pods-Parduota.debug.xcconfig */;
			buildSettings = {
				ASSETCATALOG_COMPILER_APPICON_NAME = AppIcon;
				INFOPLIST_FILE = "$(SRCROOT)/Parduota/Application/Info.plist";
				LD_RUNPATH_SEARCH_PATHS = "$(inherited) @executable_path/Frameworks";
				PRODUCT_BUNDLE_IDENTIFIER = None.Parduota;
				PRODUCT_NAME = "$(TARGET_NAME)";
				SWIFT_VERSION = 3.0;
			};
			name = Debug;
		};
		CC08C3451F6ACF86000F37E9 /* Release */ = {
			isa = XCBuildConfiguration;
			baseConfigurationReference = AC76AED09D306A448506CDCD /* Pods-Parduota.release.xcconfig */;
			buildSettings = {
				ASSETCATALOG_COMPILER_APPICON_NAME = AppIcon;
				INFOPLIST_FILE = "$(SRCROOT)/Parduota/Application/Info.plist";
				LD_RUNPATH_SEARCH_PATHS = "$(inherited) @executable_path/Frameworks";
				PRODUCT_BUNDLE_IDENTIFIER = None.Parduota;
				PRODUCT_NAME = "$(TARGET_NAME)";
				SWIFT_VERSION = 3.0;
			};
			name = Release;
		};
/* End XCBuildConfiguration section */

/* Begin XCConfigurationList section */
		CC08C32C1F6ACF86000F37E9 /* Build configuration list for PBXProject "Parduota" */ = {
			isa = XCConfigurationList;
			buildConfigurations = (
				CC08C3411F6ACF86000F37E9 /* Debug */,
				CC08C3421F6ACF86000F37E9 /* Release */,
			);
			defaultConfigurationIsVisible = 0;
			defaultConfigurationName = Release;
		};
		CC08C3431F6ACF86000F37E9 /* Build configuration list for PBXNativeTarget "Parduota" */ = {
			isa = XCConfigurationList;
			buildConfigurations = (
				CC08C3441F6ACF86000F37E9 /* Debug */,
				CC08C3451F6ACF86000F37E9 /* Release */,
			);
			defaultConfigurationIsVisible = 0;
			defaultConfigurationName = Release;
		};
/* End XCConfigurationList section */
	};
	rootObject = CC08C3291F6ACF86000F37E9 /* Project object */;
}
